
Microsoft Visual Studio Solution File, Format Version 12.00
# Visual Studio Version 16
VisualStudioVersion = 25.0.1700.0
MinimumVisualStudioVersion = 10.0.40219.1
Project("{FAE04EC0-301F-11D3-BF4B-00C04F79EFBC}") = "khosravi-webapi-react", "khosravi-webapi-react.csproj", "{FB6CAAA2-04FC-4A27-9AD0-607C930A3058}"
EndProject
Global
	GlobalSection(SolutionConfigurationPlatforms) = preSolution
		Debug|Any CPU = Debug|Any CPU
		Release|Any CPU = Release|Any CPU
	EndGlobalSection
	GlobalSection(ProjectConfigurationPlatforms) = postSolution
		{FB6CAAA2-04FC-4A27-9AD0-607C930A3058}.Debug|Any CPU.ActiveCfg = Debug|Any CPU
		{FB6CAAA2-04FC-4A27-9AD0-607C930A3058}.Debug|Any CPU.Build.0 = Debug|Any CPU
		{FB6CAAA2-04FC-4A27-9AD0-607C930A3058}.Release|Any CPU.ActiveCfg = Release|Any CPU
		{FB6CAAA2-04FC-4A27-9AD0-607C930A3058}.Release|Any CPU.Build.0 = Release|Any CPU
	EndGlobalSection
	GlobalSection(SolutionProperties) = preSolution
		HideSolutionNode = FALSE
	EndGlobalSection
	GlobalSection(ExtensibilityGlobals) = postSolution
		SolutionGuid = {2CDD9EF4-A800-4603-BBCE-63E83FDE13A7}
	EndGlobalSection
EndGlobal
